
Microsoft Visual Studio Solution File, Format Version 12.00
# Visual Studio Version 17
VisualStudioVersion = 17.5.33516.290
MinimumVisualStudioVersion = 10.0.40219.1
Project("{FAE04EC0-301F-11D3-BF4B-00C04F79EFBC}") = "RentCar", "RentCar\RentCar.csproj", "{9325E68B-7467-4BCB-8B9F-6A6F25456579}"
EndProject
Global
	GlobalSection(SolutionConfigurationPlatforms) = preSolution
		Debug|Any CPU = Debug|Any CPU
		Release|Any CPU = Release|Any CPU
	EndGlobalSection
	GlobalSection(ProjectConfigurationPlatforms) = postSolution
		{9325E68B-7467-4BCB-8B9F-6A6F25456579}.Debug|Any CPU.ActiveCfg = Debug|Any CPU
		{9325E68B-7467-4BCB-8B9F-6A6F25456579}.Debug|Any CPU.Build.0 = Debug|Any CPU
		{9325E68B-7467-4BCB-8B9F-6A6F25456579}.Release|Any CPU.ActiveCfg = Release|Any CPU
		{9325E68B-7467-4BCB-8B9F-6A6F25456579}.Release|Any CPU.Build.0 = Release|Any CPU
	EndGlobalSection
	GlobalSection(SolutionProperties) = preSolution
		HideSolutionNode = FALSE
	EndGlobalSection
	GlobalSection(ExtensibilityGlobals) = postSolution
		SolutionGuid = {0A00A39F-DBF8-4B35-B798-71CE6D6D7488}
	EndGlobalSection
EndGlobal
